<?xml version="1.0" encoding="utf-8"?>
<Project ToolsVersion="4.0" xmlns="http://schemas.microsoft.com/developer/msbuild/2003">
  <ItemGroup>
    <Filter Include="Archivos de origen">
      <UniqueIdentifier>{4FC737F1-C7A5-4376-A066-2A32D752A2FF}</UniqueIdentifier>
      <Extensions>cpp;c;cc;cxx;c++;cppm;ixx;def;odl;idl;hpj;bat;asm;asmx</Extensions>
    </Filter>
    <Filter Include="Archivos de encabezado">
      <UniqueIdentifier>{93995380-89BD-4b04-88EB-625FBE52EBFB}</UniqueIdentifier>
      <Extensions>h;hh;hpp;hxx;h++;hm;inl;inc;ipp;xsd</Extensions>
    </Filter>
    <Filter Include="Archivos de recursos">
      <UniqueIdentifier>{67DA6AB6-F800-4c08-8B7A-83BB121AAD01}</UniqueIdentifier>
      <Extensions>rc;ico;cur;bmp;dlg;rc2;rct;bin;rgs;gif;jpg;jpeg;jpe;resx;tiff;tif;png;wav;mfcribbon-ms</Extensions>
    </Filter>
    <Filter Include="Archivos de encabezado\modelos">
      <UniqueIdentifier>{2c013523-5f6f-43e7-9a34-c253bd5fe9a2}</UniqueIdentifier>
    </Filter>
    <Filter Include="Archivos de encabezado\estructuras">
      <UniqueIdentifier>{d1e67688-a5c1-4fb4-a666-24f407be60da}</UniqueIdentifier>
    </Filter>
    <Filter Include="Archivos de encabezado\control">
      <UniqueIdentifier>{b900b7c9-70e5-495c-92aa-492663702a23}</UniqueIdentifier>
    </Filter>
  </ItemGroup>
  <ItemGroup>
    <ClCompile Include="proyecto0.cpp">
      <Filter>Archivos de origen</Filter>
    </ClCompile>
  </ItemGroup>
  <ItemGroup>
    <ClInclude Include="LinkedPriorityQueue.h">
      <Filter>Archivos de encabezado\estructuras</Filter>
    </ClInclude>
    <ClInclude Include="LinkedQueue.h">
      <Filter>Archivos de encabezado\estructuras</Filter>
    </ClInclude>
    <ClInclude Include="Node.h">
      <Filter>Archivos de encabezado\estructuras</Filter>
    </ClInclude>
    <ClInclude Include="PriorityQueue.h">
      <Filter>Archivos de encabezado\estructuras</Filter>
    </ClInclude>
    <ClInclude Include="Queue.h">
      <Filter>Archivos de encabezado\estructuras</Filter>
    </ClInclude>
    <ClInclude Include="List.h">
      <Filter>Archivos de encabezado\estructuras</Filter>
    </ClInclude>
    <ClInclude Include="ArrayList.h">
      <Filter>Archivos de encabezado\estructuras</Filter>
    </ClInclude>
    <ClInclude Include="Area.h">
      <Filter>Archivos de encabezado\modelos</Filter>
    </ClInclude>
    <ClInclude Include="Servicio.h">
      <Filter>Archivos de encabezado\modelos</Filter>
    </ClInclude>
    <ClInclude Include="Tiquete.h">
      <Filter>Archivos de encabezado\modelos</Filter>
    </ClInclude>
    <ClInclude Include="Usuarios.h">
      <Filter>Archivos de encabezado\modelos</Filter>
    </ClInclude>
    <ClInclude Include="LinkedList.h">
      <Filter>Archivos de encabezado\estructuras</Filter>
    </ClInclude>
    <ClInclude Include="Ventanilla.h">
      <Filter>Archivos de encabezado\modelos</Filter>
    </ClInclude>
    <ClInclude Include="HeapPriorityQueue.h">
      <Filter>Archivos de encabezado\estructuras</Filter>
    </ClInclude>
    <ClInclude Include="KVPair.h">
      <Filter>Archivos de encabezado\estructuras</Filter>
    </ClInclude>
    <ClInclude Include="MinHeap.h">
      <Filter>Archivos de encabezado\estructuras</Filter>
    </ClInclude>
  </ItemGroup>
</Project>